
Microsoft Visual Studio Solution File, Format Version 12.00
# Visual Studio Version 16
VisualStudioVersion = 16.0.30320.27
MinimumVisualStudioVersion = 10.0.40219.1
Project("{8BC9CEB8-8B4A-11D0-8D11-00A0C91BC942}") = "WLL", "WLL.vcxproj", "{5E5F3C56-9879-40C3-B87D-FF9CE05BBA90}"
EndProject
Global
	GlobalSection(SolutionConfigurationPlatforms) = preSolution
		Debug|x64 = Debug|x64
		Release|x64 = Release|x64
	EndGlobalSection
	GlobalSection(ProjectConfigurationPlatforms) = postSolution
		{5E5F3C56-9879-40C3-B87D-FF9CE05BBA90}.Debug|x64.ActiveCfg = Debug|x64
		{5E5F3C56-9879-40C3-B87D-FF9CE05BBA90}.Debug|x64.Build.0 = Debug|x64
		{5E5F3C56-9879-40C3-B87D-FF9CE05BBA90}.Release|x64.ActiveCfg = Debug|x64
		{5E5F3C56-9879-40C3-B87D-FF9CE05BBA90}.Release|x64.Build.0 = Debug|x64
	EndGlobalSection
	GlobalSection(SolutionProperties) = preSolution
		HideSolutionNode = FALSE
	EndGlobalSection
	GlobalSection(ExtensibilityGlobals) = postSolution
		SolutionGuid = {75FEE281-2922-437A-902C-D5BEA37C1658}
	EndGlobalSection
EndGlobal
